
Microsoft Visual Studio Solution File, Format Version 12.00
# Visual Studio Version 17
VisualStudioVersion = 17.3.32825.248
MinimumVisualStudioVersion = 10.0.40219.1
Project("{9A19103F-16F7-4668-BE54-9A1E7A4F7556}") = "GameEngine", "GameEngine\GameEngine.csproj", "{B30247BF-ED6A-441D-9B5C-0C716CE9462C}"
EndProject
Project("{2150E333-8FDC-42A3-9474-1A3956D46DE8}") = "OpenTK", "OpenTK", "{D7AA4A02-58A8-4AF9-B5A5-8E14EC0CA727}"
EndProject
Project("{9A19103F-16F7-4668-BE54-9A1E7A4F7556}") = "OpenTKGame", "Game\OpenTKGame.csproj", "{BFE6DBC6-ED23-449B-8FF8-CF530A6FD19F}"
EndProject
Project("{9A19103F-16F7-4668-BE54-9A1E7A4F7556}") = "FirstSteps", "FirstSteps\FirstSteps.csproj", "{6966586A-0F88-4DDE-B8BF-2E55EDEB13A5}"
EndProject
Global
	GlobalSection(SolutionConfigurationPlatforms) = preSolution
		Debug|Any CPU = Debug|Any CPU
		Release|Any CPU = Release|Any CPU
	EndGlobalSection
	GlobalSection(ProjectConfigurationPlatforms) = postSolution
		{B30247BF-ED6A-441D-9B5C-0C716CE9462C}.Debug|Any CPU.ActiveCfg = Debug|Any CPU
		{B30247BF-ED6A-441D-9B5C-0C716CE9462C}.Debug|Any CPU.Build.0 = Debug|Any CPU
		{B30247BF-ED6A-441D-9B5C-0C716CE9462C}.Release|Any CPU.ActiveCfg = Release|Any CPU
		{B30247BF-ED6A-441D-9B5C-0C716CE9462C}.Release|Any CPU.Build.0 = Release|Any CPU
		{BFE6DBC6-ED23-449B-8FF8-CF530A6FD19F}.Debug|Any CPU.ActiveCfg = Debug|Any CPU
		{BFE6DBC6-ED23-449B-8FF8-CF530A6FD19F}.Debug|Any CPU.Build.0 = Debug|Any CPU
		{BFE6DBC6-ED23-449B-8FF8-CF530A6FD19F}.Release|Any CPU.ActiveCfg = Release|Any CPU
		{BFE6DBC6-ED23-449B-8FF8-CF530A6FD19F}.Release|Any CPU.Build.0 = Release|Any CPU
		{6966586A-0F88-4DDE-B8BF-2E55EDEB13A5}.Debug|Any CPU.ActiveCfg = Debug|Any CPU
		{6966586A-0F88-4DDE-B8BF-2E55EDEB13A5}.Debug|Any CPU.Build.0 = Debug|Any CPU
		{6966586A-0F88-4DDE-B8BF-2E55EDEB13A5}.Release|Any CPU.ActiveCfg = Release|Any CPU
		{6966586A-0F88-4DDE-B8BF-2E55EDEB13A5}.Release|Any CPU.Build.0 = Release|Any CPU
	EndGlobalSection
	GlobalSection(SolutionProperties) = preSolution
		HideSolutionNode = FALSE
	EndGlobalSection
	GlobalSection(NestedProjects) = preSolution
		{B30247BF-ED6A-441D-9B5C-0C716CE9462C} = {D7AA4A02-58A8-4AF9-B5A5-8E14EC0CA727}
		{BFE6DBC6-ED23-449B-8FF8-CF530A6FD19F} = {D7AA4A02-58A8-4AF9-B5A5-8E14EC0CA727}
		{6966586A-0F88-4DDE-B8BF-2E55EDEB13A5} = {D7AA4A02-58A8-4AF9-B5A5-8E14EC0CA727}
	EndGlobalSection
	GlobalSection(ExtensibilityGlobals) = postSolution
		SolutionGuid = {55AC51E8-257C-4DB9-B9A4-5FA5EC82CD3C}
	EndGlobalSection
EndGlobal
